
Microsoft Visual Studio Solution File, Format Version 12.00
# Visual Studio Version 17
VisualStudioVersion = 17.0.31903.59
MinimumVisualStudioVersion = 10.0.40219.1
Project("{FAE04EC0-301F-11D3-BF4B-00C04F79EFBC}") = "SpecFlowWorkshop", "SpecFlowWorkshop\SpecFlowWorkshop.csproj", "{EB377B5E-0379-4B1A-ADF9-7196AB1145B9}"
EndProject
Global
	GlobalSection(SolutionConfigurationPlatforms) = preSolution
		Debug|Any CPU = Debug|Any CPU
		Release|Any CPU = Release|Any CPU
	EndGlobalSection
	GlobalSection(ProjectConfigurationPlatforms) = postSolution
		{EB377B5E-0379-4B1A-ADF9-7196AB1145B9}.Debug|Any CPU.ActiveCfg = Debug|Any CPU
		{EB377B5E-0379-4B1A-ADF9-7196AB1145B9}.Debug|Any CPU.Build.0 = Debug|Any CPU
		{EB377B5E-0379-4B1A-ADF9-7196AB1145B9}.Release|Any CPU.ActiveCfg = Release|Any CPU
		{EB377B5E-0379-4B1A-ADF9-7196AB1145B9}.Release|Any CPU.Build.0 = Release|Any CPU
	EndGlobalSection
	GlobalSection(SolutionProperties) = preSolution
		HideSolutionNode = FALSE
	EndGlobalSection
	GlobalSection(ExtensibilityGlobals) = postSolution
		SolutionGuid = {CD54B532-FDA6-497D-A3DB-F603E4B027A1}
	EndGlobalSection
EndGlobal
